
Microsoft Visual Studio Solution File, Format Version 12.00
# Visual Studio 15
VisualStudioVersion = 15.0.26730.16
MinimumVisualStudioVersion = 10.0.40219.1
Project("{FAE04EC0-301F-11D3-BF4B-00C04F79EFBC}") = "ShoppingList", "ShoppingList\ShoppingList.csproj", "{42F99B4C-00CD-490A-B9E3-E842AF63EDA9}"
EndProject
Global
	GlobalSection(SolutionConfigurationPlatforms) = preSolution
		Debug|Any CPU = Debug|Any CPU
		Release|Any CPU = Release|Any CPU
	EndGlobalSection
	GlobalSection(ProjectConfigurationPlatforms) = postSolution
		{42F99B4C-00CD-490A-B9E3-E842AF63EDA9}.Debug|Any CPU.ActiveCfg = Debug|Any CPU
		{42F99B4C-00CD-490A-B9E3-E842AF63EDA9}.Debug|Any CPU.Build.0 = Debug|Any CPU
		{42F99B4C-00CD-490A-B9E3-E842AF63EDA9}.Release|Any CPU.ActiveCfg = Release|Any CPU
		{42F99B4C-00CD-490A-B9E3-E842AF63EDA9}.Release|Any CPU.Build.0 = Release|Any CPU
	EndGlobalSection
	GlobalSection(SolutionProperties) = preSolution
		HideSolutionNode = FALSE
	EndGlobalSection
	GlobalSection(ExtensibilityGlobals) = postSolution
		SolutionGuid = {F42879FE-2C48-46F8-92DD-88852BB87295}
	EndGlobalSection
EndGlobal
